
Microsoft Visual Studio Solution File, Format Version 12.00
# Visual Studio Version 17
VisualStudioVersion = 17.13.35825.156 d17.13
MinimumVisualStudioVersion = 10.0.40219.1
Project("{FAE04EC0-301F-11D3-BF4B-00C04F79EFBC}") = "BibliotecaEF", "BibliotecaEF.csproj", "{08439FD9-81B5-439D-95E0-46732C15F07E}"
EndProject
Global
	GlobalSection(SolutionConfigurationPlatforms) = preSolution
		Debug|Any CPU = Debug|Any CPU
		Release|Any CPU = Release|Any CPU
	EndGlobalSection
	GlobalSection(ProjectConfigurationPlatforms) = postSolution
		{08439FD9-81B5-439D-95E0-46732C15F07E}.Debug|Any CPU.ActiveCfg = Debug|Any CPU
		{08439FD9-81B5-439D-95E0-46732C15F07E}.Debug|Any CPU.Build.0 = Debug|Any CPU
		{08439FD9-81B5-439D-95E0-46732C15F07E}.Release|Any CPU.ActiveCfg = Release|Any CPU
		{08439FD9-81B5-439D-95E0-46732C15F07E}.Release|Any CPU.Build.0 = Release|Any CPU
	EndGlobalSection
	GlobalSection(SolutionProperties) = preSolution
		HideSolutionNode = FALSE
	EndGlobalSection
	GlobalSection(ExtensibilityGlobals) = postSolution
		SolutionGuid = {4B7A3DAF-EC2D-4844-8592-A1CB9E1BD13E}
	EndGlobalSection
EndGlobal
